{
  "version": 4,
  "terraform_version": "0.12.24",
  "serial": 248,
  "lineage": "4ecb616c-505a-b006-50e4-efccec5d5d13",
  "outputs": {},
  "resources": [
    {
      "mode": "data",
      "type": "template_file",
      "name": "apconstantine_aws_iam_role_policy_template",
      "provider": "provider.template",
      "instances": [
        {
          "schema_version": 0,
          "attributes": {
            "filename": null,
            "id": "e3288b249bfa17a9c2ff77a48d6c9ee7b93cd13034f0ce5ce9f85fa6fbd62eac",
            "rendered": "{\r\n  \"Version\": \"2012-10-17\",\r\n  \"Statement\": [\r\n    {\r\n      \"Action\": [\r\n        \"logs:*\",\r\n        \"ec2:CreateNetworkInterface\",\r\n        \"ec2:DescribeNetworkInterfaces\",\r\n        \"ec2:DeleteNetworkInterface\",\r\n        \"lambda:InvokeFunction\"\r\n      ],\r\n      \"Resource\": \"*\",\r\n      \"Effect\": \"Allow\"\r\n    }\r\n  ]\r\n}",
            "template": "{\r\n  \"Version\": \"2012-10-17\",\r\n  \"Statement\": [\r\n    {\r\n      \"Action\": [\r\n        \"logs:*\",\r\n        \"ec2:CreateNetworkInterface\",\r\n        \"ec2:DescribeNetworkInterfaces\",\r\n        \"ec2:DeleteNetworkInterface\",\r\n        \"lambda:InvokeFunction\"\r\n      ],\r\n      \"Resource\": \"*\",\r\n      \"Effect\": \"Allow\"\r\n    }\r\n  ]\r\n}",
            "vars": null
          }
        }
      ]
    },
    {
      "mode": "data",
      "type": "template_file",
      "name": "apconstantine_aws_iam_role_template",
      "provider": "provider.template",
      "instances": [
        {
          "schema_version": 0,
          "attributes": {
            "filename": null,
            "id": "953cc3f8c48c6d13530e1542b44117d15eaf5687f2008c6d11067c626a26ebd0",
            "rendered": "{\r\n  \"Version\": \"2012-10-17\",\r\n  \"Statement\": [\r\n    {\r\n      \"Effect\": \"Allow\",\r\n      \"Principal\": {\r\n        \"Service\": [\r\n          \"lambda.amazonaws.com\",\r\n          \"apigateway.amazonaws.com\"\r\n        ]\r\n      },\r\n      \"Action\": \"sts:AssumeRole\"\r\n    }\r\n  ]\r\n}",
            "template": "{\r\n  \"Version\": \"2012-10-17\",\r\n  \"Statement\": [\r\n    {\r\n      \"Effect\": \"Allow\",\r\n      \"Principal\": {\r\n        \"Service\": [\r\n          \"lambda.amazonaws.com\",\r\n          \"apigateway.amazonaws.com\"\r\n        ]\r\n      },\r\n      \"Action\": \"sts:AssumeRole\"\r\n    }\r\n  ]\r\n}",
            "vars": null
          }
        }
      ]
    },
    {
      "mode": "managed",
      "type": "aws_api_gateway_account",
      "name": "constantine_account",
      "provider": "provider.aws",
      "instances": [
        {
          "schema_version": 0,
          "attributes": {
            "cloudwatch_role_arn": "arn:aws:iam::065770204719:role/ap_constantine_aws_iam_role",
            "id": "api-gateway-account",
            "throttle_settings": [
              {
                "burst_limit": 5000,
                "rate_limit": 10000
              }
            ]
          },
          "private": "bnVsbA==",
          "dependencies": [
            "aws_iam_role.aws_ap_constantine"
          ]
        }
      ]
    },
    {
      "mode": "managed",
      "type": "aws_api_gateway_integration",
      "name": "deviceAction_integration",
      "provider": "provider.aws",
      "instances": [
        {
          "schema_version": 0,
          "attributes": {
            "cache_key_parameters": [],
            "cache_namespace": "n1f83j",
            "connection_id": "",
            "connection_type": "INTERNET",
            "content_handling": "",
            "credentials": "",
            "http_method": "POST",
            "id": "agi-mjx6acpfk1-n1f83j-POST",
            "integration_http_method": "POST",
            "passthrough_behavior": "WHEN_NO_MATCH",
            "request_parameters": {},
            "request_parameters_in_json": null,
            "request_templates": {},
            "resource_id": "n1f83j",
            "rest_api_id": "mjx6acpfk1",
            "timeout_milliseconds": 29000,
            "type": "AWS_PROXY",
            "uri": "arn:aws:apigateway:eu-west-1:lambda:path/2015-03-31/functions/arn:aws:lambda:eu-west-1:065770204719:function:apconstantine_handledevicecommand/invocations"
          },
          "private": "bnVsbA==",
          "dependencies": [
            "aws_api_gateway_method.deviceAction",
            "aws_api_gateway_resource.action",
            "aws_api_gateway_resource.apiRoot",
            "aws_api_gateway_resource.devicesResource",
            "aws_api_gateway_resource.user",
            "aws_api_gateway_rest_api.api",
            "aws_iam_role.aws_ap_constantine",
            "aws_lambda_function.ap_constantine_devicesAction"
          ]
        }
      ]
    },
    {
      "mode": "managed",
      "type": "aws_api_gateway_integration",
      "name": "deviceList_integration",
      "provider": "provider.aws",
      "instances": [
        {
          "schema_version": 0,
          "attributes": {
            "cache_key_parameters": [],
            "cache_namespace": "7bt0dg",
            "connection_id": "",
            "connection_type": "INTERNET",
            "content_handling": "",
            "credentials": "",
            "http_method": "GET",
            "id": "agi-mjx6acpfk1-7bt0dg-GET",
            "integration_http_method": "POST",
            "passthrough_behavior": "WHEN_NO_MATCH",
            "request_parameters": {},
            "request_parameters_in_json": null,
            "request_templates": {},
            "resource_id": "7bt0dg",
            "rest_api_id": "mjx6acpfk1",
            "timeout_milliseconds": 29000,
            "type": "AWS_PROXY",
            "uri": "arn:aws:apigateway:eu-west-1:lambda:path/2015-03-31/functions/arn:aws:lambda:eu-west-1:065770204719:function:apconstantine_deviceslist/invocations"
          },
          "private": "bnVsbA==",
          "dependencies": [
            "aws_api_gateway_method.deviceList",
            "aws_api_gateway_resource.apiRoot",
            "aws_api_gateway_resource.devicesResource",
            "aws_api_gateway_resource.user",
            "aws_api_gateway_rest_api.api",
            "aws_iam_role.aws_ap_constantine",
            "aws_lambda_function.ap_constantine_devicesList"
          ]
        }
      ]
    },
    {
      "mode": "managed",
      "type": "aws_api_gateway_integration",
      "name": "deviceQuery_integration",
      "provider": "provider.aws",
      "instances": [
        {
          "schema_version": 0,
          "attributes": {
            "cache_key_parameters": [],
            "cache_namespace": "qml6tc",
            "connection_id": "",
            "connection_type": "INTERNET",
            "content_handling": "",
            "credentials": "",
            "http_method": "POST",
            "id": "agi-mjx6acpfk1-qml6tc-POST",
            "integration_http_method": "POST",
            "passthrough_behavior": "WHEN_NO_MATCH",
            "request_parameters": {},
            "request_parameters_in_json": null,
            "request_templates": {},
            "resource_id": "qml6tc",
            "rest_api_id": "mjx6acpfk1",
            "timeout_milliseconds": 29000,
            "type": "AWS_PROXY",
            "uri": "arn:aws:apigateway:eu-west-1:lambda:path/2015-03-31/functions/arn:aws:lambda:eu-west-1:065770204719:function:apconstantine_devicesquery/invocations"
          },
          "private": "bnVsbA==",
          "dependencies": [
            "aws_api_gateway_method.deviceState",
            "aws_api_gateway_resource.apiRoot",
            "aws_api_gateway_resource.devicesResource",
            "aws_api_gateway_resource.query",
            "aws_api_gateway_resource.user",
            "aws_api_gateway_rest_api.api",
            "aws_iam_role.aws_ap_constantine",
            "aws_lambda_function.ap_constantine_devicesQuery"
          ]
        }
      ]
    },
    {
      "mode": "managed",
      "type": "aws_api_gateway_integration",
      "name": "healthcheck_integration",
      "provider": "provider.aws",
      "instances": [
        {
          "schema_version": 0,
          "attributes": {
            "cache_key_parameters": [],
            "cache_namespace": "zjdcl3",
            "connection_id": "",
            "connection_type": "INTERNET",
            "content_handling": "",
            "credentials": "",
            "http_method": "HEAD",
            "id": "agi-mjx6acpfk1-zjdcl3-HEAD",
            "integration_http_method": "POST",
            "passthrough_behavior": "WHEN_NO_MATCH",
            "request_parameters": {},
            "request_parameters_in_json": null,
            "request_templates": {},
            "resource_id": "zjdcl3",
            "rest_api_id": "mjx6acpfk1",
            "timeout_milliseconds": 29000,
            "type": "AWS_PROXY",
            "uri": "arn:aws:apigateway:eu-west-1:lambda:path/2015-03-31/functions/arn:aws:lambda:eu-west-1:065770204719:function:apconstantine_healthcheck/invocations"
          },
          "private": "bnVsbA==",
          "dependencies": [
            "aws_api_gateway_method.healthcheck",
            "aws_api_gateway_resource.apiRoot",
            "aws_api_gateway_rest_api.api",
            "aws_iam_role.aws_ap_constantine",
            "aws_lambda_function.ap_constantine_healthcheck"
          ]
        }
      ]
    },
    {
      "mode": "managed",
      "type": "aws_api_gateway_integration",
      "name": "unlink_integration",
      "provider": "provider.aws",
      "instances": [
        {
          "schema_version": 0,
          "attributes": {
            "cache_key_parameters": [],
            "cache_namespace": "syi1gf",
            "connection_id": "",
            "connection_type": "INTERNET",
            "content_handling": "",
            "credentials": "",
            "http_method": "POST",
            "id": "agi-mjx6acpfk1-syi1gf-POST",
            "integration_http_method": "POST",
            "passthrough_behavior": "WHEN_NO_MATCH",
            "request_parameters": {},
            "request_parameters_in_json": null,
            "request_templates": {},
            "resource_id": "syi1gf",
            "rest_api_id": "mjx6acpfk1",
            "timeout_milliseconds": 29000,
            "type": "AWS_PROXY",
            "uri": "arn:aws:apigateway:eu-west-1:lambda:path/2015-03-31/functions/arn:aws:lambda:eu-west-1:065770204719:function:apconstantine_unlink/invocations"
          },
          "private": "bnVsbA==",
          "dependencies": [
            "aws_api_gateway_method.unlink",
            "aws_api_gateway_resource.apiRoot",
            "aws_api_gateway_resource.unlink",
            "aws_api_gateway_resource.user",
            "aws_api_gateway_rest_api.api",
            "aws_iam_role.aws_ap_constantine",
            "aws_lambda_function.ap_constantine_unlink"
          ]
        }
      ]
    },
    {
      "mode": "managed",
      "type": "aws_api_gateway_method",
      "name": "deviceAction",
      "provider": "provider.aws",
      "instances": [
        {
          "schema_version": 0,
          "attributes": {
            "api_key_required": false,
            "authorization": "NONE",
            "authorization_scopes": [],
            "authorizer_id": "",
            "http_method": "POST",
            "id": "agm-mjx6acpfk1-n1f83j-POST",
            "request_models": {},
            "request_parameters": {},
            "request_parameters_in_json": null,
            "request_validator_id": "",
            "resource_id": "n1f83j",
            "rest_api_id": "mjx6acpfk1"
          },
          "private": "bnVsbA==",
          "dependencies": [
            "aws_api_gateway_resource.action",
            "aws_api_gateway_resource.apiRoot",
            "aws_api_gateway_resource.devicesResource",
            "aws_api_gateway_resource.user",
            "aws_api_gateway_rest_api.api"
          ]
        }
      ]
    },
    {
      "mode": "managed",
      "type": "aws_api_gateway_method",
      "name": "deviceList",
      "provider": "provider.aws",
      "instances": [
        {
          "schema_version": 0,
          "attributes": {
            "api_key_required": false,
            "authorization": "NONE",
            "authorization_scopes": [],
            "authorizer_id": "",
            "http_method": "GET",
            "id": "agm-mjx6acpfk1-7bt0dg-GET",
            "request_models": {},
            "request_parameters": {},
            "request_parameters_in_json": null,
            "request_validator_id": "",
            "resource_id": "7bt0dg",
            "rest_api_id": "mjx6acpfk1"
          },
          "private": "bnVsbA==",
          "dependencies": [
            "aws_api_gateway_resource.apiRoot",
            "aws_api_gateway_resource.devicesResource",
            "aws_api_gateway_resource.user",
            "aws_api_gateway_rest_api.api"
          ]
        }
      ]
    },
    {
      "mode": "managed",
      "type": "aws_api_gateway_method",
      "name": "deviceState",
      "provider": "provider.aws",
      "instances": [
        {
          "schema_version": 0,
          "attributes": {
            "api_key_required": false,
            "authorization": "NONE",
            "authorization_scopes": [],
            "authorizer_id": "",
            "http_method": "POST",
            "id": "agm-mjx6acpfk1-qml6tc-POST",
            "request_models": {},
            "request_parameters": {},
            "request_parameters_in_json": null,
            "request_validator_id": "",
            "resource_id": "qml6tc",
            "rest_api_id": "mjx6acpfk1"
          },
          "private": "bnVsbA==",
          "dependencies": [
            "aws_api_gateway_resource.apiRoot",
            "aws_api_gateway_resource.devicesResource",
            "aws_api_gateway_resource.query",
            "aws_api_gateway_resource.user",
            "aws_api_gateway_rest_api.api"
          ]
        }
      ]
    },
    {
      "mode": "managed",
      "type": "aws_api_gateway_method",
      "name": "healthcheck",
      "provider": "provider.aws",
      "instances": [
        {
          "schema_version": 0,
          "attributes": {
            "api_key_required": false,
            "authorization": "NONE",
            "authorization_scopes": [],
            "authorizer_id": "",
            "http_method": "HEAD",
            "id": "agm-mjx6acpfk1-zjdcl3-HEAD",
            "request_models": {},
            "request_parameters": {},
            "request_parameters_in_json": null,
            "request_validator_id": "",
            "resource_id": "zjdcl3",
            "rest_api_id": "mjx6acpfk1"
          },
          "private": "bnVsbA==",
          "dependencies": [
            "aws_api_gateway_resource.apiRoot",
            "aws_api_gateway_rest_api.api"
          ]
        }
      ]
    },
    {
      "mode": "managed",
      "type": "aws_api_gateway_method",
      "name": "unlink",
      "provider": "provider.aws",
      "instances": [
        {
          "schema_version": 0,
          "attributes": {
            "api_key_required": false,
            "authorization": "NONE",
            "authorization_scopes": [],
            "authorizer_id": "",
            "http_method": "POST",
            "id": "agm-mjx6acpfk1-syi1gf-POST",
            "request_models": {},
            "request_parameters": {},
            "request_parameters_in_json": null,
            "request_validator_id": "",
            "resource_id": "syi1gf",
            "rest_api_id": "mjx6acpfk1"
          },
          "private": "bnVsbA==",
          "dependencies": [
            "aws_api_gateway_resource.apiRoot",
            "aws_api_gateway_resource.unlink",
            "aws_api_gateway_resource.user",
            "aws_api_gateway_rest_api.api"
          ]
        }
      ]
    },
    {
      "mode": "managed",
      "type": "aws_api_gateway_resource",
      "name": "action",
      "provider": "provider.aws",
      "instances": [
        {
          "schema_version": 0,
          "attributes": {
            "id": "n1f83j",
            "parent_id": "7bt0dg",
            "path": "/v1.0/user/devices/action",
            "path_part": "action",
            "rest_api_id": "mjx6acpfk1"
          },
          "private": "bnVsbA==",
          "dependencies": [
            "aws_api_gateway_resource.apiRoot",
            "aws_api_gateway_resource.devicesResource",
            "aws_api_gateway_resource.user",
            "aws_api_gateway_rest_api.api"
          ]
        }
      ]
    },
    {
      "mode": "managed",
      "type": "aws_api_gateway_resource",
      "name": "apiRoot",
      "provider": "provider.aws",
      "instances": [
        {
          "schema_version": 0,
          "attributes": {
            "id": "zjdcl3",
            "parent_id": "pr6v3enh1i",
            "path": "/v1.0",
            "path_part": "v1.0",
            "rest_api_id": "mjx6acpfk1"
          },
          "private": "bnVsbA==",
          "dependencies": [
            "aws_api_gateway_rest_api.api"
          ]
        }
      ]
    },
    {
      "mode": "managed",
      "type": "aws_api_gateway_resource",
      "name": "devicesResource",
      "provider": "provider.aws",
      "instances": [
        {
          "schema_version": 0,
          "attributes": {
            "id": "7bt0dg",
            "parent_id": "jp37is",
            "path": "/v1.0/user/devices",
            "path_part": "devices",
            "rest_api_id": "mjx6acpfk1"
          },
          "private": "bnVsbA==",
          "dependencies": [
            "aws_api_gateway_resource.apiRoot",
            "aws_api_gateway_resource.user",
            "aws_api_gateway_rest_api.api"
          ]
        }
      ]
    },
    {
      "mode": "managed",
      "type": "aws_api_gateway_resource",
      "name": "query",
      "provider": "provider.aws",
      "instances": [
        {
          "schema_version": 0,
          "attributes": {
            "id": "qml6tc",
            "parent_id": "7bt0dg",
            "path": "/v1.0/user/devices/query",
            "path_part": "query",
            "rest_api_id": "mjx6acpfk1"
          },
          "private": "bnVsbA==",
          "dependencies": [
            "aws_api_gateway_resource.apiRoot",
            "aws_api_gateway_resource.devicesResource",
            "aws_api_gateway_resource.user",
            "aws_api_gateway_rest_api.api"
          ]
        }
      ]
    },
    {
      "mode": "managed",
      "type": "aws_api_gateway_resource",
      "name": "unlink",
      "provider": "provider.aws",
      "instances": [
        {
          "schema_version": 0,
          "attributes": {
            "id": "syi1gf",
            "parent_id": "jp37is",
            "path": "/v1.0/user/unlink",
            "path_part": "unlink",
            "rest_api_id": "mjx6acpfk1"
          },
          "private": "bnVsbA==",
          "dependencies": [
            "aws_api_gateway_resource.apiRoot",
            "aws_api_gateway_resource.user",
            "aws_api_gateway_rest_api.api"
          ]
        }
      ]
    },
    {
      "mode": "managed",
      "type": "aws_api_gateway_resource",
      "name": "user",
      "provider": "provider.aws",
      "instances": [
        {
          "schema_version": 0,
          "attributes": {
            "id": "jp37is",
            "parent_id": "zjdcl3",
            "path": "/v1.0/user",
            "path_part": "user",
            "rest_api_id": "mjx6acpfk1"
          },
          "private": "bnVsbA==",
          "dependencies": [
            "aws_api_gateway_resource.apiRoot",
            "aws_api_gateway_rest_api.api"
          ]
        }
      ]
    },
    {
      "mode": "managed",
      "type": "aws_api_gateway_rest_api",
      "name": "api",
      "provider": "provider.aws",
      "instances": [
        {
          "schema_version": 0,
          "attributes": {
            "api_key_source": "HEADER",
            "arn": "arn:aws:apigateway:eu-west-1::/restapis/mjx6acpfk1",
            "binary_media_types": [],
            "body": null,
            "created_date": "2020-05-23T18:57:43Z",
            "description": "",
            "endpoint_configuration": [
              {
                "types": [
                  "EDGE"
                ],
                "vpc_endpoint_ids": []
              }
            ],
            "execution_arn": "arn:aws:execute-api:eu-west-1:065770204719:mjx6acpfk1",
            "id": "mjx6acpfk1",
            "minimum_compression_size": -1,
            "name": "constantineapi",
            "policy": "",
            "root_resource_id": "pr6v3enh1i",
            "tags": {}
          },
          "private": "bnVsbA=="
        }
      ]
    },
    {
      "mode": "managed",
      "type": "aws_iam_role",
      "name": "aws_ap_constantine",
      "provider": "provider.aws",
      "instances": [
        {
          "schema_version": 0,
          "attributes": {
            "arn": "arn:aws:iam::065770204719:role/ap_constantine_aws_iam_role",
            "assume_role_policy": "{\"Version\":\"2012-10-17\",\"Statement\":[{\"Effect\":\"Allow\",\"Principal\":{\"Service\":[\"lambda.amazonaws.com\",\"apigateway.amazonaws.com\"]},\"Action\":\"sts:AssumeRole\"}]}",
            "create_date": "2020-05-23T18:57:43Z",
            "description": "",
            "force_detach_policies": false,
            "id": "ap_constantine_aws_iam_role",
            "max_session_duration": 3600,
            "name": "ap_constantine_aws_iam_role",
            "name_prefix": null,
            "path": "/",
            "permissions_boundary": null,
            "tags": {},
            "unique_id": "AROAQ6UBVVYX2B3DLLVFA"
          },
          "private": "bnVsbA=="
        }
      ]
    },
    {
      "mode": "managed",
      "type": "aws_iam_role_policy",
      "name": "aws_ap_constantine",
      "provider": "provider.aws",
      "instances": [
        {
          "schema_version": 0,
          "attributes": {
            "id": "ap_constantine_aws_iam_role:ap_constantine_aws_iam_role_policy",
            "name": "ap_constantine_aws_iam_role_policy",
            "name_prefix": null,
            "policy": "{\r\n  \"Version\": \"2012-10-17\",\r\n  \"Statement\": [\r\n    {\r\n      \"Action\": [\r\n        \"logs:*\",\r\n        \"ec2:CreateNetworkInterface\",\r\n        \"ec2:DescribeNetworkInterfaces\",\r\n        \"ec2:DeleteNetworkInterface\",\r\n        \"lambda:InvokeFunction\"\r\n      ],\r\n      \"Resource\": \"*\",\r\n      \"Effect\": \"Allow\"\r\n    }\r\n  ]\r\n}",
            "role": "ap_constantine_aws_iam_role"
          },
          "private": "bnVsbA==",
          "dependencies": [
            "aws_iam_role.aws_ap_constantine"
          ]
        }
      ]
    },
    {
      "mode": "managed",
      "type": "aws_lambda_function",
      "name": "ap_constantine_devicesAction",
      "provider": "provider.aws",
      "instances": [
        {
          "schema_version": 0,
          "attributes": {
            "arn": "arn:aws:lambda:eu-west-1:065770204719:function:apconstantine_handledevicecommand",
            "dead_letter_config": [],
            "description": "",
            "environment": [],
            "filename": "AP.Constantine.zip",
            "function_name": "apconstantine_handledevicecommand",
            "handler": "AP.Constantine.Functions::AP.Constantine.Functions.ConstantineHandler::HandleDeviceCommand",
            "id": "apconstantine_handledevicecommand",
            "invoke_arn": "arn:aws:apigateway:eu-west-1:lambda:path/2015-03-31/functions/arn:aws:lambda:eu-west-1:065770204719:function:apconstantine_handledevicecommand/invocations",
            "kms_key_arn": "",
            "last_modified": "2020-06-04T23:22:08.828+0000",
            "layers": [],
            "memory_size": 512,
            "publish": false,
            "qualified_arn": "arn:aws:lambda:eu-west-1:065770204719:function:apconstantine_handledevicecommand:$LATEST",
            "reserved_concurrent_executions": -1,
            "role": "arn:aws:iam::065770204719:role/ap_constantine_aws_iam_role",
            "runtime": "dotnetcore3.1",
            "s3_bucket": null,
            "s3_key": null,
            "s3_object_version": null,
            "source_code_hash": "6r+jNsHES+cK7N0ZThFsNsT/GfVg+ndoBVBw2C2HBw4=",
            "source_code_size": 488740,
            "tags": {},
            "timeout": 10,
            "timeouts": null,
            "tracing_config": [
              {
                "mode": "PassThrough"
              }
            ],
            "version": "$LATEST",
            "vpc_config": []
          },
          "private": "eyJlMmJmYjczMC1lY2FhLTExZTYtOGY4OC0zNDM2M2JjN2M0YzAiOnsiY3JlYXRlIjo2MDAwMDAwMDAwMDB9fQ==",
          "dependencies": [
            "aws_iam_role.aws_ap_constantine"
          ]
        }
      ]
    },
    {
      "mode": "managed",
      "type": "aws_lambda_function",
      "name": "ap_constantine_devicesList",
      "provider": "provider.aws",
      "instances": [
        {
          "schema_version": 0,
          "attributes": {
            "arn": "arn:aws:lambda:eu-west-1:065770204719:function:apconstantine_deviceslist",
            "dead_letter_config": [],
            "description": "",
            "environment": [],
            "filename": "AP.Constantine.zip",
            "function_name": "apconstantine_deviceslist",
            "handler": "AP.Constantine.Functions::AP.Constantine.Functions.ConstantineHandler::DevicesList",
            "id": "apconstantine_deviceslist",
            "invoke_arn": "arn:aws:apigateway:eu-west-1:lambda:path/2015-03-31/functions/arn:aws:lambda:eu-west-1:065770204719:function:apconstantine_deviceslist/invocations",
            "kms_key_arn": "",
            "last_modified": "2020-06-04T23:22:07.626+0000",
            "layers": [],
            "memory_size": 512,
            "publish": false,
            "qualified_arn": "arn:aws:lambda:eu-west-1:065770204719:function:apconstantine_deviceslist:$LATEST",
            "reserved_concurrent_executions": -1,
            "role": "arn:aws:iam::065770204719:role/ap_constantine_aws_iam_role",
            "runtime": "dotnetcore3.1",
            "s3_bucket": null,
            "s3_key": null,
            "s3_object_version": null,
            "source_code_hash": "6r+jNsHES+cK7N0ZThFsNsT/GfVg+ndoBVBw2C2HBw4=",
            "source_code_size": 488740,
            "tags": {},
            "timeout": 10,
            "timeouts": null,
            "tracing_config": [
              {
                "mode": "PassThrough"
              }
            ],
            "version": "$LATEST",
            "vpc_config": []
          },
          "private": "eyJlMmJmYjczMC1lY2FhLTExZTYtOGY4OC0zNDM2M2JjN2M0YzAiOnsiY3JlYXRlIjo2MDAwMDAwMDAwMDB9fQ==",
          "dependencies": [
            "aws_iam_role.aws_ap_constantine"
          ]
        }
      ]
    },
    {
      "mode": "managed",
      "type": "aws_lambda_function",
      "name": "ap_constantine_devicesQuery",
      "provider": "provider.aws",
      "instances": [
        {
          "schema_version": 0,
          "attributes": {
            "arn": "arn:aws:lambda:eu-west-1:065770204719:function:apconstantine_devicesquery",
            "dead_letter_config": [],
            "description": "",
            "environment": [],
            "filename": "AP.Constantine.zip",
            "function_name": "apconstantine_devicesquery",
            "handler": "AP.Constantine.Functions::AP.Constantine.Functions.ConstantineHandler::DevicesQuery",
            "id": "apconstantine_devicesquery",
            "invoke_arn": "arn:aws:apigateway:eu-west-1:lambda:path/2015-03-31/functions/arn:aws:lambda:eu-west-1:065770204719:function:apconstantine_devicesquery/invocations",
            "kms_key_arn": "",
            "last_modified": "2020-06-04T23:22:05.226+0000",
            "layers": [],
            "memory_size": 512,
            "publish": false,
            "qualified_arn": "arn:aws:lambda:eu-west-1:065770204719:function:apconstantine_devicesquery:$LATEST",
            "reserved_concurrent_executions": -1,
            "role": "arn:aws:iam::065770204719:role/ap_constantine_aws_iam_role",
            "runtime": "dotnetcore3.1",
            "s3_bucket": null,
            "s3_key": null,
            "s3_object_version": null,
            "source_code_hash": "6r+jNsHES+cK7N0ZThFsNsT/GfVg+ndoBVBw2C2HBw4=",
            "source_code_size": 488740,
            "tags": {},
            "timeout": 10,
            "timeouts": null,
            "tracing_config": [
              {
                "mode": "PassThrough"
              }
            ],
            "version": "$LATEST",
            "vpc_config": []
          },
          "private": "eyJlMmJmYjczMC1lY2FhLTExZTYtOGY4OC0zNDM2M2JjN2M0YzAiOnsiY3JlYXRlIjo2MDAwMDAwMDAwMDB9fQ==",
          "dependencies": [
            "aws_iam_role.aws_ap_constantine"
          ]
        }
      ]
    },
    {
      "mode": "managed",
      "type": "aws_lambda_function",
      "name": "ap_constantine_healthcheck",
      "provider": "provider.aws",
      "instances": [
        {
          "schema_version": 0,
          "attributes": {
            "arn": "arn:aws:lambda:eu-west-1:065770204719:function:apconstantine_healthcheck",
            "dead_letter_config": [],
            "description": "",
            "environment": [],
            "filename": "AP.Constantine.zip",
            "function_name": "apconstantine_healthcheck",
            "handler": "AP.Constantine.Functions::AP.Constantine.Functions.ConstantineHandler::HealthCheck",
            "id": "apconstantine_healthcheck",
            "invoke_arn": "arn:aws:apigateway:eu-west-1:lambda:path/2015-03-31/functions/arn:aws:lambda:eu-west-1:065770204719:function:apconstantine_healthcheck/invocations",
            "kms_key_arn": "",
            "last_modified": "2020-06-04T23:22:06.456+0000",
            "layers": [],
            "memory_size": 512,
            "publish": false,
            "qualified_arn": "arn:aws:lambda:eu-west-1:065770204719:function:apconstantine_healthcheck:$LATEST",
            "reserved_concurrent_executions": -1,
            "role": "arn:aws:iam::065770204719:role/ap_constantine_aws_iam_role",
            "runtime": "dotnetcore3.1",
            "s3_bucket": null,
            "s3_key": null,
            "s3_object_version": null,
            "source_code_hash": "6r+jNsHES+cK7N0ZThFsNsT/GfVg+ndoBVBw2C2HBw4=",
            "source_code_size": 488740,
            "tags": {},
            "timeout": 10,
            "timeouts": null,
            "tracing_config": [
              {
                "mode": "PassThrough"
              }
            ],
            "version": "$LATEST",
            "vpc_config": []
          },
          "private": "eyJlMmJmYjczMC1lY2FhLTExZTYtOGY4OC0zNDM2M2JjN2M0YzAiOnsiY3JlYXRlIjo2MDAwMDAwMDAwMDB9fQ==",
          "dependencies": [
            "aws_iam_role.aws_ap_constantine"
          ]
        }
      ]
    },
    {
      "mode": "managed",
      "type": "aws_lambda_function",
      "name": "ap_constantine_unlink",
      "provider": "provider.aws",
      "instances": [
        {
          "schema_version": 0,
          "attributes": {
            "arn": "arn:aws:lambda:eu-west-1:065770204719:function:apconstantine_unlink",
            "dead_letter_config": [],
            "description": "",
            "environment": [],
            "filename": "AP.Constantine.zip",
            "function_name": "apconstantine_unlink",
            "handler": "AP.Constantine.Functions::AP.Constantine.Functions.ConstantineHandler::Unlink",
            "id": "apconstantine_unlink",
            "invoke_arn": "arn:aws:apigateway:eu-west-1:lambda:path/2015-03-31/functions/arn:aws:lambda:eu-west-1:065770204719:function:apconstantine_unlink/invocations",
            "kms_key_arn": "",
            "last_modified": "2020-06-04T23:22:04.091+0000",
            "layers": [],
            "memory_size": 512,
            "publish": false,
            "qualified_arn": "arn:aws:lambda:eu-west-1:065770204719:function:apconstantine_unlink:$LATEST",
            "reserved_concurrent_executions": -1,
            "role": "arn:aws:iam::065770204719:role/ap_constantine_aws_iam_role",
            "runtime": "dotnetcore3.1",
            "s3_bucket": null,
            "s3_key": null,
            "s3_object_version": null,
            "source_code_hash": "6r+jNsHES+cK7N0ZThFsNsT/GfVg+ndoBVBw2C2HBw4=",
            "source_code_size": 488740,
            "tags": {},
            "timeout": 10,
            "timeouts": null,
            "tracing_config": [
              {
                "mode": "PassThrough"
              }
            ],
            "version": "$LATEST",
            "vpc_config": []
          },
          "private": "eyJlMmJmYjczMC1lY2FhLTExZTYtOGY4OC0zNDM2M2JjN2M0YzAiOnsiY3JlYXRlIjo2MDAwMDAwMDAwMDB9fQ==",
          "dependencies": [
            "aws_iam_role.aws_ap_constantine"
          ]
        }
      ]
    },
    {
      "mode": "managed",
      "type": "aws_lambda_permission",
      "name": "ap_constantine_devicesList",
      "provider": "provider.aws",
      "instances": [
        {
          "schema_version": 0,
          "attributes": {
            "action": "lambda:InvokeFunction",
            "event_source_token": null,
            "function_name": "apconstantine_deviceslist",
            "id": "AllowExecutionFromAPIGateway",
            "principal": "apigateway.amazonaws.com",
            "qualifier": "",
            "source_account": null,
            "source_arn": "arn:aws:execute-api:eu-west-1:065770204719:mjx6acpfk1/*/GET/v1.0/user/devices",
            "statement_id": "AllowExecutionFromAPIGateway",
            "statement_id_prefix": null
          },
          "private": "bnVsbA==",
          "dependencies": [
            "aws_api_gateway_method.deviceList",
            "aws_api_gateway_resource.apiRoot",
            "aws_api_gateway_resource.devicesResource",
            "aws_api_gateway_resource.user",
            "aws_api_gateway_rest_api.api",
            "aws_iam_role.aws_ap_constantine",
            "aws_lambda_function.ap_constantine_devicesList"
          ]
        }
      ]
    },
    {
      "mode": "managed",
      "type": "aws_lambda_permission",
      "name": "apigw_lambda_devicesQuery",
      "provider": "provider.aws",
      "instances": [
        {
          "schema_version": 0,
          "attributes": {
            "action": "lambda:InvokeFunction",
            "event_source_token": null,
            "function_name": "apconstantine_devicesquery",
            "id": "AllowExecutionFromAPIGateway",
            "principal": "apigateway.amazonaws.com",
            "qualifier": "",
            "source_account": null,
            "source_arn": "arn:aws:execute-api:eu-west-1:065770204719:mjx6acpfk1/*/POST/v1.0/user/devices/query",
            "statement_id": "AllowExecutionFromAPIGateway",
            "statement_id_prefix": null
          },
          "private": "bnVsbA==",
          "dependencies": [
            "aws_api_gateway_method.deviceState",
            "aws_api_gateway_resource.apiRoot",
            "aws_api_gateway_resource.devicesResource",
            "aws_api_gateway_resource.query",
            "aws_api_gateway_resource.user",
            "aws_api_gateway_rest_api.api",
            "aws_iam_role.aws_ap_constantine",
            "aws_lambda_function.ap_constantine_devicesQuery"
          ]
        }
      ]
    },
    {
      "mode": "managed",
      "type": "aws_lambda_permission",
      "name": "apigw_lambda_handledevicecommand",
      "provider": "provider.aws",
      "instances": [
        {
          "schema_version": 0,
          "attributes": {
            "action": "lambda:InvokeFunction",
            "event_source_token": null,
            "function_name": "apconstantine_handledevicecommand",
            "id": "AllowExecutionFromAPIGateway",
            "principal": "apigateway.amazonaws.com",
            "qualifier": "",
            "source_account": null,
            "source_arn": "arn:aws:execute-api:eu-west-1:065770204719:mjx6acpfk1/*/POST/v1.0/user/devices/action",
            "statement_id": "AllowExecutionFromAPIGateway",
            "statement_id_prefix": null
          },
          "private": "bnVsbA==",
          "dependencies": [
            "aws_api_gateway_method.deviceAction",
            "aws_api_gateway_resource.action",
            "aws_api_gateway_resource.apiRoot",
            "aws_api_gateway_resource.devicesResource",
            "aws_api_gateway_resource.user",
            "aws_api_gateway_rest_api.api",
            "aws_iam_role.aws_ap_constantine",
            "aws_lambda_function.ap_constantine_devicesAction"
          ]
        }
      ]
    },
    {
      "mode": "managed",
      "type": "aws_lambda_permission",
      "name": "apigw_lambda_healthcheck",
      "provider": "provider.aws",
      "instances": [
        {
          "schema_version": 0,
          "attributes": {
            "action": "lambda:InvokeFunction",
            "event_source_token": null,
            "function_name": "apconstantine_healthcheck",
            "id": "AllowExecutionFromAPIGateway",
            "principal": "apigateway.amazonaws.com",
            "qualifier": "",
            "source_account": null,
            "source_arn": "arn:aws:execute-api:eu-west-1:065770204719:mjx6acpfk1/*/HEAD/v1.0",
            "statement_id": "AllowExecutionFromAPIGateway",
            "statement_id_prefix": null
          },
          "private": "bnVsbA==",
          "dependencies": [
            "aws_api_gateway_method.healthcheck",
            "aws_api_gateway_resource.apiRoot",
            "aws_api_gateway_rest_api.api",
            "aws_iam_role.aws_ap_constantine",
            "aws_lambda_function.ap_constantine_healthcheck"
          ]
        }
      ]
    },
    {
      "mode": "managed",
      "type": "aws_lambda_permission",
      "name": "apigw_lambda_unlink",
      "provider": "provider.aws",
      "instances": [
        {
          "schema_version": 0,
          "attributes": {
            "action": "lambda:InvokeFunction",
            "event_source_token": null,
            "function_name": "apconstantine_unlink",
            "id": "AllowExecutionFromAPIGateway",
            "principal": "apigateway.amazonaws.com",
            "qualifier": "",
            "source_account": null,
            "source_arn": "arn:aws:execute-api:eu-west-1:065770204719:mjx6acpfk1/*/POST/v1.0/user/unlink",
            "statement_id": "AllowExecutionFromAPIGateway",
            "statement_id_prefix": null
          },
          "private": "bnVsbA==",
          "dependencies": [
            "aws_api_gateway_method.unlink",
            "aws_api_gateway_resource.apiRoot",
            "aws_api_gateway_resource.unlink",
            "aws_api_gateway_resource.user",
            "aws_api_gateway_rest_api.api",
            "aws_iam_role.aws_ap_constantine",
            "aws_lambda_function.ap_constantine_unlink"
          ]
        }
      ]
    }
  ]
}
